// !$*UTF8*$!
{
	archiveVersion = 1;
	classes = {
	};
	objectVersion = 50;
	objects = {

/* Begin PBXBuildFile section */
		4FE3564726D89EE4003D163C /* AppDelegate.swift in Sources */ = {isa = PBXBuildFile; fileRef = 4FE3564626D89EE4003D163C /* AppDelegate.swift */; };
		4FE3564926D89EE4003D163C /* SceneDelegate.swift in Sources */ = {isa = PBXBuildFile; fileRef = 4FE3564826D89EE4003D163C /* SceneDelegate.swift */; };
		4FE3564B26D89EE4003D163C /* ViewController.swift in Sources */ = {isa = PBXBuildFile; fileRef = 4FE3564A26D89EE4003D163C /* ViewController.swift */; };
		4FE3564E26D89EE4003D163C /* Main.storyboard in Resources */ = {isa = PBXBuildFile; fileRef = 4FE3564C26D89EE4003D163C /* Main.storyboard */; };
		4FE3565126D89EE4003D163C /* iOS_EmoRec.xcdatamodeld in Sources */ = {isa = PBXBuildFile; fileRef = 4FE3564F26D89EE4003D163C /* iOS_EmoRec.xcdatamodeld */; };
		4FE3565326D89EE8003D163C /* Assets.xcassets in Resources */ = {isa = PBXBuildFile; fileRef = 4FE3565226D89EE8003D163C /* Assets.xcassets */; };
		4FE3565626D89EE8003D163C /* LaunchScreen.storyboard in Resources */ = {isa = PBXBuildFile; fileRef = 4FE3565426D89EE8003D163C /* LaunchScreen.storyboard */; };
/* End PBXBuildFile section */

/* Begin PBXFileReference section */
		4FE3564326D89EE4003D163C /* iOS-EmoRec.app */ = {isa = PBXFileReference; explicitFileType = wrapper.application; includeInIndex = 0; path = "iOS-EmoRec.app"; sourceTree = BUILT_PRODUCTS_DIR; };
		4FE3564626D89EE4003D163C /* AppDelegate.swift */ = {isa = PBXFileReference; lastKnownFileType = sourcecode.swift; path = AppDelegate.swift; sourceTree = "<group>"; };
		4FE3564826D89EE4003D163C /* SceneDelegate.swift */ = {isa = PBXFileReference; lastKnownFileType = sourcecode.swift; path = SceneDelegate.swift; sourceTree = "<group>"; };
		4FE3564A26D89EE4003D163C /* ViewController.swift */ = {isa = PBXFileReference; lastKnownFileType = sourcecode.swift; path = ViewController.swift; sourceTree = "<group>"; };
		4FE3564D26D89EE4003D163C /* Base */ = {isa = PBXFileReference; lastKnownFileType = file.storyboard; name = Base; path = Base.lproj/Main.storyboard; sourceTree = "<group>"; };
		4FE3565026D89EE4003D163C /* iOS_EmoRec.xcdatamodel */ = {isa = PBXFileReference; lastKnownFileType = wrapper.xcdatamodel; path = iOS_EmoRec.xcdatamodel; sourceTree = "<group>"; };
		4FE3565226D89EE8003D163C /* Assets.xcassets */ = {isa = PBXFileReference; lastKnownFileType = folder.assetcatalog; path = Assets.xcassets; sourceTree = "<group>"; };
		4FE3565526D89EE8003D163C /* Base */ = {isa = PBXFileReference; lastKnownFileType = file.storyboard; name = Base; path = Base.lproj/LaunchScreen.storyboard; sourceTree = "<group>"; };
		4FE3565726D89EE8003D163C /* Info.plist */ = {isa = PBXFileReference; lastKnownFileType = text.plist.xml; path = Info.plist; sourceTree = "<group>"; };
/* End PBXFileReference section */

/* Begin PBXFrameworksBuildPhase section */
		4FE3564026D89EE4003D163C /* Frameworks */ = {
			isa = PBXFrameworksBuildPhase;
			buildActionMask = 2147483647;
			files = (
			);
			runOnlyForDeploymentPostprocessing = 0;
		};
/* End PBXFrameworksBuildPhase section */

/* Begin PBXGroup section */
		4FE3563A26D89EE4003D163C = {
			isa = PBXGroup;
			children = (
				4FE3564526D89EE4003D163C /* iOS-EmoRec */,
				4FE3564426D89EE4003D163C /* Products */,
			);
			sourceTree = "<group>";
		};
		4FE3564426D89EE4003D163C /* Products */ = {
			isa = PBXGroup;
			children = (
				4FE3564326D89EE4003D163C /* iOS-EmoRec.app */,
			);
			name = Products;
			sourceTree = "<group>";
		};
		4FE3564526D89EE4003D163C /* iOS-EmoRec */ = {
			isa = PBXGroup;
			children = (
				4FE3564626D89EE4003D163C /* AppDelegate.swift */,
				4FE3564826D89EE4003D163C /* SceneDelegate.swift */,
				4FE3565D26D89F1A003D163C /* Model */,
				4FE3565E26D89F22003D163C /* View */,
				4FE3565F26D89F28003D163C /* Controller */,
				4FE3565226D89EE8003D163C /* Assets.xcassets */,
				4FE3565426D89EE8003D163C /* LaunchScreen.storyboard */,
				4FE3565726D89EE8003D163C /* Info.plist */,
				4FE3564F26D89EE4003D163C /* iOS_EmoRec.xcdatamodeld */,
			);
			path = "iOS-EmoRec";
			sourceTree = "<group>";
		};
		4FE3565D26D89F1A003D163C /* Model */ = {
			isa = PBXGroup;
			children = (
			);
			path = Model;
			sourceTree = "<group>";
		};
		4FE3565E26D89F22003D163C /* View */ = {
			isa = PBXGroup;
			children = (
				4FE3564C26D89EE4003D163C /* Main.storyboard */,
			);
			path = View;
			sourceTree = "<group>";
		};
		4FE3565F26D89F28003D163C /* Controller */ = {
			isa = PBXGroup;
			children = (
				4FE3564A26D89EE4003D163C /* ViewController.swift */,
			);
			path = Controller;
			sourceTree = "<group>";
		};
/* End PBXGroup section */

/* Begin PBXNativeTarget section */
		4FE3564226D89EE4003D163C /* iOS-EmoRec */ = {
			isa = PBXNativeTarget;
			buildConfigurationList = 4FE3565A26D89EE8003D163C /* Build configuration list for PBXNativeTarget "iOS-EmoRec" */;
			buildPhases = (
				4FE3563F26D89EE4003D163C /* Sources */,
				4FE3564026D89EE4003D163C /* Frameworks */,
				4FE3564126D89EE4003D163C /* Resources */,
			);
			buildRules = (
			);
			dependencies = (
			);
			name = "iOS-EmoRec";
			productName = "iOS-EmoRec";
			productReference = 4FE3564326D89EE4003D163C /* iOS-EmoRec.app */;
			productType = "com.apple.product-type.application";
		};
/* End PBXNativeTarget section */

/* Begin PBXProject section */
		4FE3563B26D89EE4003D163C /* Project object */ = {
			isa = PBXProject;
			attributes = {
				LastSwiftUpdateCheck = 1250;
				LastUpgradeCheck = 1250;
				TargetAttributes = {
					4FE3564226D89EE4003D163C = {
						CreatedOnToolsVersion = 12.5.1;
					};
				};
			};
			buildConfigurationList = 4FE3563E26D89EE4003D163C /* Build configuration list for PBXProject "iOS-EmoRec" */;
			compatibilityVersion = "Xcode 9.3";
			developmentRegion = en;
			hasScannedForEncodings = 0;
			knownRegions = (
				en,
				Base,
			);
			mainGroup = 4FE3563A26D89EE4003D163C;
			productRefGroup = 4FE3564426D89EE4003D163C /* Products */;
			projectDirPath = "";
			projectRoot = "";
			targets = (
				4FE3564226D89EE4003D163C /* iOS-EmoRec */,
			);
		};
/* End PBXProject section */

/* Begin PBXResourcesBuildPhase section */
		4FE3564126D89EE4003D163C /* Resources */ = {
			isa = PBXResourcesBuildPhase;
			buildActionMask = 2147483647;
			files = (
				4FE3565626D89EE8003D163C /* LaunchScreen.storyboard in Resources */,
				4FE3565326D89EE8003D163C /* Assets.xcassets in Resources */,
				4FE3564E26D89EE4003D163C /* Main.storyboard in Resources */,
			);
			runOnlyForDeploymentPostprocessing = 0;
		};
/* End PBXResourcesBuildPhase section */

/* Begin PBXSourcesBuildPhase section */
		4FE3563F26D89EE4003D163C /* Sources */ = {
			isa = PBXSourcesBuildPhase;
			buildActionMask = 2147483647;
			files = (
				4FE3565126D89EE4003D163C /* iOS_EmoRec.xcdatamodeld in Sources */,
				4FE3564B26D89EE4003D163C /* ViewController.swift in Sources */,
				4FE3564726D89EE4003D163C /* AppDelegate.swift in Sources */,
				4FE3564926D89EE4003D163C /* SceneDelegate.swift in Sources */,
			);
			runOnlyForDeploymentPostprocessing = 0;
		};
/* End PBXSourcesBuildPhase section */

/* Begin PBXVariantGroup section */
		4FE3564C26D89EE4003D163C /* Main.storyboard */ = {
			isa = PBXVariantGroup;
			children = (
				4FE3564D26D89EE4003D163C /* Base */,
			);
			name = Main.storyboard;
			sourceTree = "<group>";
		};
		4FE3565426D89EE8003D163C /* LaunchScreen.storyboard */ = {
			isa = PBXVariantGroup;
			children = (
				4FE3565526D89EE8003D163C /* Base */,
			);
			name = LaunchScreen.storyboard;
			sourceTree = "<group>";
		};
/* End PBXVariantGroup section */

/* Begin XCBuildConfiguration section */
		4FE3565826D89EE8003D163C /* Debug */ = {
			isa = XCBuildConfiguration;
			buildSettings = {
				ALWAYS_SEARCH_USER_PATHS = NO;
				CLANG_ANALYZER_NONNULL = YES;
				CLANG_ANALYZER_NUMBER_OBJECT_CONVERSION = YES_AGGRESSIVE;
				CLANG_CXX_LANGUAGE_STANDARD = "gnu++14";
				CLANG_CXX_LIBRARY = "libc++";
				CLANG_ENABLE_MODULES = YES;
				CLANG_ENABLE_OBJC_ARC = YES;
				CLANG_ENABLE_OBJC_WEAK = YES;
				CLANG_WARN_BLOCK_CAPTURE_AUTORELEASING = YES;
				CLANG_WARN_BOOL_CONVERSION = YES;
				CLANG_WARN_COMMA = YES;
				CLANG_WARN_CONSTANT_CONVERSION = YES;
				CLANG_WARN_DEPRECATED_OBJC_IMPLEMENTATIONS = YES;
				CLANG_WARN_DIRECT_OBJC_ISA_USAGE = YES_ERROR;
				CLANG_WARN_DOCUMENTATION_COMMENTS = YES;
				CLANG_WARN_EMPTY_BODY = YES;
				CLANG_WARN_ENUM_CONVERSION = YES;
				CLANG_WARN_INFINITE_RECURSION = YES;
				CLANG_WARN_INT_CONVERSION = YES;
				CLANG_WARN_NON_LITERAL_NULL_CONVERSION = YES;
				CLANG_WARN_OBJC_IMPLICIT_RETAIN_SELF = YES;
				CLANG_WARN_OBJC_LITERAL_CONVERSION = YES;
				CLANG_WARN_OBJC_ROOT_CLASS = YES_ERROR;
				CLANG_WARN_QUOTED_INCLUDE_IN_FRAMEWORK_HEADER = YES;
				CLANG_WARN_RANGE_LOOP_ANALYSIS = YES;
				CLANG_WARN_STRICT_PROTOTYPES = YES;
				CLANG_WARN_SUSPICIOUS_MOVE = YES;
				CLANG_WARN_UNGUARDED_AVAILABILITY = YES_AGGRESSIVE;
				CLANG_WARN_UNREACHABLE_CODE = YES;
				CLANG_WARN__DUPLICATE_METHOD_MATCH = YES;
				COPY_PHASE_STRIP = NO;
				DEBUG_INFORMATION_FORMAT = dwarf;
				ENABLE_STRICT_OBJC_MSGSEND = YES;
				ENABLE_TESTABILITY = YES;
				GCC_C_LANGUAGE_STANDARD = gnu11;
				GCC_DYNAMIC_NO_PIC = NO;
				GCC_NO_COMMON_BLOCKS = YES;
				GCC_OPTIMIZATION_LEVEL = 0;
				GCC_PREPROCESSOR_DEFINITIONS = (
					"DEBUG=1",
					"$(inherited)",
				);
				GCC_WARN_64_TO_32_BIT_CONVERSION = YES;
				GCC_WARN_ABOUT_RETURN_TYPE = YES_ERROR;
				GCC_WARN_UNDECLARED_SELECTOR = YES;
				GCC_WARN_UNINITIALIZED_AUTOS = YES_AGGRESSIVE;
				GCC_WARN_UNUSED_FUNCTION = YES;
				GCC_WARN_UNUSED_VARIABLE = YES;
				IPHONEOS_DEPLOYMENT_TARGET = 14.5;
				MTL_ENABLE_DEBUG_INFO = INCLUDE_SOURCE;
				MTL_FAST_MATH = YES;
				ONLY_ACTIVE_ARCH = YES;
				SDKROOT = iphoneos;
				SWIFT_ACTIVE_COMPILATION_CONDITIONS = DEBUG;
				SWIFT_OPTIMIZATION_LEVEL = "-Onone";
			};
			name = Debug;
		};
		4FE3565926D89EE8003D163C /* Release */ = {
			isa = XCBuildConfiguration;
			buildSettings = {
				ALWAYS_SEARCH_USER_PATHS = NO;
				CLANG_ANALYZER_NONNULL = YES;
				CLANG_ANALYZER_NUMBER_OBJECT_CONVERSION = YES_AGGRESSIVE;
				CLANG_CXX_LANGUAGE_STANDARD = "gnu++14";
				CLANG_CXX_LIBRARY = "libc++";
				CLANG_ENABLE_MODULES = YES;
				CLANG_ENABLE_OBJC_ARC = YES;
				CLANG_ENABLE_OBJC_WEAK = YES;
				CLANG_WARN_BLOCK_CAPTURE_AUTORELEASING = YES;
				CLANG_WARN_BOOL_CONVERSION = YES;
				CLANG_WARN_COMMA = YES;
				CLANG_WARN_CONSTANT_CONVERSION = YES;
				CLANG_WARN_DEPRECATED_OBJC_IMPLEMENTATIONS = YES;
				CLANG_WARN_DIRECT_OBJC_ISA_USAGE = YES_ERROR;
				CLANG_WARN_DOCUMENTATION_COMMENTS = YES;
				CLANG_WARN_EMPTY_BODY = YES;
				CLANG_WARN_ENUM_CONVERSION = YES;
				CLANG_WARN_INFINITE_RECURSION = YES;
				CLANG_WARN_INT_CONVERSION = YES;
				CLANG_WARN_NON_LITERAL_NULL_CONVERSION = YES;
				CLANG_WARN_OBJC_IMPLICIT_RETAIN_SELF = YES;
				CLANG_WARN_OBJC_LITERAL_CONVERSION = YES;
				CLANG_WARN_OBJC_ROOT_CLASS = YES_ERROR;
				CLANG_WARN_QUOTED_INCLUDE_IN_FRAMEWORK_HEADER = YES;
				CLANG_WARN_RANGE_LOOP_ANALYSIS = YES;
				CLANG_WARN_STRICT_PROTOTYPES = YES;
				CLANG_WARN_SUSPICIOUS_MOVE = YES;
				CLANG_WARN_UNGUARDED_AVAILABILITY = YES_AGGRESSIVE;
				CLANG_WARN_UNREACHABLE_CODE = YES;
				CLANG_WARN__DUPLICATE_METHOD_MATCH = YES;
				COPY_PHASE_STRIP = NO;
				DEBUG_INFORMATION_FORMAT = "dwarf-with-dsym";
				ENABLE_NS_ASSERTIONS = NO;
				ENABLE_STRICT_OBJC_MSGSEND = YES;
				GCC_C_LANGUAGE_STANDARD = gnu11;
				GCC_NO_COMMON_BLOCKS = YES;
				GCC_WARN_64_TO_32_BIT_CONVERSION = YES;
				GCC_WARN_ABOUT_RETURN_TYPE = YES_ERROR;
				GCC_WARN_UNDECLARED_SELECTOR = YES;
				GCC_WARN_UNINITIALIZED_AUTOS = YES_AGGRESSIVE;
				GCC_WARN_UNUSED_FUNCTION = YES;
				GCC_WARN_UNUSED_VARIABLE = YES;
				IPHONEOS_DEPLOYMENT_TARGET = 14.5;
				MTL_ENABLE_DEBUG_INFO = NO;
				MTL_FAST_MATH = YES;
				SDKROOT = iphoneos;
				SWIFT_COMPILATION_MODE = wholemodule;
				SWIFT_OPTIMIZATION_LEVEL = "-O";
				VALIDATE_PRODUCT = YES;
			};
			name = Release;
		};
		4FE3565B26D89EE8003D163C /* Debug */ = {
			isa = XCBuildConfiguration;
			buildSettings = {
				ASSETCATALOG_COMPILER_APPICON_NAME = AppIcon;
				ASSETCATALOG_COMPILER_GLOBAL_ACCENT_COLOR_NAME = AccentColor;
				CODE_SIGN_STYLE = Automatic;
				INFOPLIST_FILE = "iOS-EmoRec/Info.plist";
				LD_RUNPATH_SEARCH_PATHS = (
					"$(inherited)",
					"@executable_path/Frameworks",
				);
				PRODUCT_BUNDLE_IDENTIFIER = "com.hasen-sprung.EmoRec";
				PRODUCT_NAME = "$(TARGET_NAME)";
				SWIFT_VERSION = 5.0;
				TARGETED_DEVICE_FAMILY = 1;
			};
			name = Debug;
		};
		4FE3565C26D89EE8003D163C /* Release */ = {
			isa = XCBuildConfiguration;
			buildSettings = {
				ASSETCATALOG_COMPILER_APPICON_NAME = AppIcon;
				ASSETCATALOG_COMPILER_GLOBAL_ACCENT_COLOR_NAME = AccentColor;
				CODE_SIGN_STYLE = Automatic;
				INFOPLIST_FILE = "iOS-EmoRec/Info.plist";
				LD_RUNPATH_SEARCH_PATHS = (
					"$(inherited)",
					"@executable_path/Frameworks",
				);
				PRODUCT_BUNDLE_IDENTIFIER = "com.hasen-sprung.EmoRec";
				PRODUCT_NAME = "$(TARGET_NAME)";
				SWIFT_VERSION = 5.0;
				TARGETED_DEVICE_FAMILY = 1;
			};
			name = Release;
		};
/* End XCBuildConfiguration section */

/* Begin XCConfigurationList section */
		4FE3563E26D89EE4003D163C /* Build configuration list for PBXProject "iOS-EmoRec" */ = {
			isa = XCConfigurationList;
			buildConfigurations = (
				4FE3565826D89EE8003D163C /* Debug */,
				4FE3565926D89EE8003D163C /* Release */,
			);
			defaultConfigurationIsVisible = 0;
			defaultConfigurationName = Release;
		};
		4FE3565A26D89EE8003D163C /* Build configuration list for PBXNativeTarget "iOS-EmoRec" */ = {
			isa = XCConfigurationList;
			buildConfigurations = (
				4FE3565B26D89EE8003D163C /* Debug */,
				4FE3565C26D89EE8003D163C /* Release */,
			);
			defaultConfigurationIsVisible = 0;
			defaultConfigurationName = Release;
		};
/* End XCConfigurationList section */

/* Begin XCVersionGroup section */
		4FE3564F26D89EE4003D163C /* iOS_EmoRec.xcdatamodeld */ = {
			isa = XCVersionGroup;
			children = (
				4FE3565026D89EE4003D163C /* iOS_EmoRec.xcdatamodel */,
			);
			currentVersion = 4FE3565026D89EE4003D163C /* iOS_EmoRec.xcdatamodel */;
			path = iOS_EmoRec.xcdatamodeld;
			sourceTree = "<group>";
			versionGroupType = wrapper.xcdatamodel;
		};
/* End XCVersionGroup section */
	};
	rootObject = 4FE3563B26D89EE4003D163C /* Project object */;
}
