PODS:
  - Macaw (0.9.7):
    - SWXMLHash
  - SWXMLHash (5.0.1)

DEPENDENCIES:
  - Macaw (= 0.9.7)

SPEC REPOS:
  trunk:
    - Macaw
    - SWXMLHash

SPEC CHECKSUMS:
  Macaw: 4a931baf9a9826b06d0d8ecf300014c962ab9d50
  SWXMLHash: 9cc0c2e4807926c74377724aa8722ee5707a0485

PODFILE CHECKSUM: a3438e3f792afb1d6dff89ac3265134d517542d7

COCOAPODS: 1.10.1
