// !$*UTF8*$!
{
	archiveVersion = 1;
	classes = {
	};
	objectVersion = 55;
	objects = {

/* Begin PBXBuildFile section */
		3549F25F273E4E7500C1589A /* SnapKit in Frameworks */ = {isa = PBXBuildFile; productRef = 3549F25E273E4E7500C1589A /* SnapKit */; };
		3549F2612740D53600C1589A /* WaveAnimationView.swift in Sources */ = {isa = PBXBuildFile; fileRef = 3549F2602740D53600C1589A /* WaveAnimationView.swift */; };
		3549F2632740D6A800C1589A /* GaugeViewController.swift in Sources */ = {isa = PBXBuildFile; fileRef = 3549F2622740D6A800C1589A /* GaugeViewController.swift */; };
		3549F2672740EE7F00C1589A /* GaugeWaveAnimationView.swift in Sources */ = {isa = PBXBuildFile; fileRef = 3549F2662740EE7F00C1589A /* GaugeWaveAnimationView.swift */; };
		355B49CB27462DA000A764B2 /* MainRecordsView.swift in Sources */ = {isa = PBXBuildFile; fileRef = 355B49CA27462DA000A764B2 /* MainRecordsView.swift */; };
		358BD48B274194C100ACE0E7 /* Constants.swift in Sources */ = {isa = PBXBuildFile; fileRef = 358BD48A274194C100ACE0E7 /* Constants.swift */; };
		35CC3F2E2747CE4D0059707A /* WidgetKit.framework in Frameworks */ = {isa = PBXBuildFile; fileRef = 35CC3F2D2747CE4D0059707A /* WidgetKit.framework */; };
		35CC3F302747CE4D0059707A /* SwiftUI.framework in Frameworks */ = {isa = PBXBuildFile; fileRef = 35CC3F2F2747CE4D0059707A /* SwiftUI.framework */; };
		35CC3F332747CE4D0059707A /* CanvasWidget.swift in Sources */ = {isa = PBXBuildFile; fileRef = 35CC3F322747CE4D0059707A /* CanvasWidget.swift */; };
		35CC3F352747CE4E0059707A /* Assets.xcassets in Resources */ = {isa = PBXBuildFile; fileRef = 35CC3F342747CE4E0059707A /* Assets.xcassets */; };
		35CC3F392747CE4E0059707A /* CanvasWidgetExtension.appex in Embed App Extensions */ = {isa = PBXBuildFile; fileRef = 35CC3F2B2747CE4D0059707A /* CanvasWidgetExtension.appex */; settings = {ATTRIBUTES = (RemoveHeadersOnCopy, ); }; };
		35CC3F3E2747CE740059707A /* Assets.xcassets in Resources */ = {isa = PBXBuildFile; fileRef = 4F0A39E0273BC853009E3AAF /* Assets.xcassets */; };
		35CC3F3F2747CE880059707A /* ThemeManager.swift in Sources */ = {isa = PBXBuildFile; fileRef = 4F0A39F5273BCFC5009E3AAF /* ThemeManager.swift */; };
		35CC3F402747CE8B0059707A /* Color.swift in Sources */ = {isa = PBXBuildFile; fileRef = 4F0A39FB27424C74009E3AAF /* Color.swift */; };
		35CC3F412747D2830059707A /* Canvas.xcdatamodeld in Sources */ = {isa = PBXBuildFile; fileRef = 4F0A39DD273BC852009E3AAF /* Canvas.xcdatamodeld */; };
		35E81B492748EEAB0025E506 /* Extension.swift in Sources */ = {isa = PBXBuildFile; fileRef = 4F0A39FF27425E90009E3AAF /* Extension.swift */; };
		35E81B4A2748EEF70025E506 /* CoreDataStack.swift in Sources */ = {isa = PBXBuildFile; fileRef = 358CF23A2748E13600D7EEDD /* CoreDataStack.swift */; };
		35E81B4B2748F3B70025E506 /* CoreDataStack.swift in Sources */ = {isa = PBXBuildFile; fileRef = 358CF23A2748E13600D7EEDD /* CoreDataStack.swift */; };
		35EBD2B42749260B00486453 /* Constants.swift in Sources */ = {isa = PBXBuildFile; fileRef = 358BD48A274194C100ACE0E7 /* Constants.swift */; };
		35EBD2B6274939CA00486453 /* DefaultRecord.swift in Sources */ = {isa = PBXBuildFile; fileRef = 35EBD2B5274939CA00486453 /* DefaultRecord.swift */; };
		35FF8111274A189400AF43D4 /* Ratio.swift in Sources */ = {isa = PBXBuildFile; fileRef = 35FF8110274A189400AF43D4 /* Ratio.swift */; };
		4F0590AE2745193000C4DF41 /* ListTableViewController.swift in Sources */ = {isa = PBXBuildFile; fileRef = 4F0590AD2745193000C4DF41 /* ListTableViewController.swift */; };
		4F0590B227461E7300C4DF41 /* ListTableViewCell.swift in Sources */ = {isa = PBXBuildFile; fileRef = 4F0590B127461E7300C4DF41 /* ListTableViewCell.swift */; };
		4F0590B427462FD800C4DF41 /* ListTableViewCell.xib in Resources */ = {isa = PBXBuildFile; fileRef = 4F0590B327462FD800C4DF41 /* ListTableViewCell.xib */; };
		4F0590B82747726F00C4DF41 /* CalendarCollectionViewCell.xib in Resources */ = {isa = PBXBuildFile; fileRef = 4F0590B72747726F00C4DF41 /* CalendarCollectionViewCell.xib */; };
		4F0590BA274772FF00C4DF41 /* CalendarCollectionViewCell.swift in Sources */ = {isa = PBXBuildFile; fileRef = 4F0590B9274772FF00C4DF41 /* CalendarCollectionViewCell.swift */; };
		4F0A39D5273BC852009E3AAF /* AppDelegate.swift in Sources */ = {isa = PBXBuildFile; fileRef = 4F0A39D4273BC852009E3AAF /* AppDelegate.swift */; };
		4F0A39D7273BC852009E3AAF /* SceneDelegate.swift in Sources */ = {isa = PBXBuildFile; fileRef = 4F0A39D6273BC852009E3AAF /* SceneDelegate.swift */; };
		4F0A39DC273BC852009E3AAF /* Main.storyboard in Resources */ = {isa = PBXBuildFile; fileRef = 4F0A39DA273BC852009E3AAF /* Main.storyboard */; };
		4F0A39DF273BC852009E3AAF /* Canvas.xcdatamodeld in Sources */ = {isa = PBXBuildFile; fileRef = 4F0A39DD273BC852009E3AAF /* Canvas.xcdatamodeld */; };
		4F0A39E1273BC853009E3AAF /* Assets.xcassets in Resources */ = {isa = PBXBuildFile; fileRef = 4F0A39E0273BC853009E3AAF /* Assets.xcassets */; };
		4F0A39E4273BC853009E3AAF /* LaunchScreen.storyboard in Resources */ = {isa = PBXBuildFile; fileRef = 4F0A39E2273BC853009E3AAF /* LaunchScreen.storyboard */; };
		4F0A39F2273BCC9F009E3AAF /* Calandar.swift in Sources */ = {isa = PBXBuildFile; fileRef = 4F0A39F1273BCC9F009E3AAF /* Calandar.swift */; };
		4F0A39F4273BCE52009E3AAF /* DateManager.swift in Sources */ = {isa = PBXBuildFile; fileRef = 4F0A39F3273BCE52009E3AAF /* DateManager.swift */; };
		4F0A39F6273BCFC5009E3AAF /* ThemeManager.swift in Sources */ = {isa = PBXBuildFile; fileRef = 4F0A39F5273BCFC5009E3AAF /* ThemeManager.swift */; };
		4F0A39FA273C0660009E3AAF /* MainViewController.swift in Sources */ = {isa = PBXBuildFile; fileRef = 4F0A39F9273C0660009E3AAF /* MainViewController.swift */; };
		4F0A39FC27424C75009E3AAF /* Color.swift in Sources */ = {isa = PBXBuildFile; fileRef = 4F0A39FB27424C74009E3AAF /* Color.swift */; };
		4F0A39FE27425C39009E3AAF /* CreateRecordView.swift in Sources */ = {isa = PBXBuildFile; fileRef = 4F0A39FD27425C39009E3AAF /* CreateRecordView.swift */; };
		4F0A3A0027425E90009E3AAF /* Extension.swift in Sources */ = {isa = PBXBuildFile; fileRef = 4F0A39FF27425E90009E3AAF /* Extension.swift */; };
		4F29B8DF274960BD00747DDD /* MainInfoView.swift in Sources */ = {isa = PBXBuildFile; fileRef = 4F29B8DE274960BD00747DDD /* MainInfoView.swift */; };
		4F29B8E12749FC1C00747DDD /* SettingViewController.swift in Sources */ = {isa = PBXBuildFile; fileRef = 4F29B8E02749FC1C00747DDD /* SettingViewController.swift */; };
		4F29B8E3274A106300747DDD /* SettingTableViewCell.swift in Sources */ = {isa = PBXBuildFile; fileRef = 4F29B8E2274A106300747DDD /* SettingTableViewCell.swift */; };
		4F29B8E5274A2AF300747DDD /* SettingUserIDViewController.swift in Sources */ = {isa = PBXBuildFile; fileRef = 4F29B8E4274A2AF300747DDD /* SettingUserIDViewController.swift */; };
		4F29B8E7274A2B0300747DDD /* SettingTitleViewController.swift in Sources */ = {isa = PBXBuildFile; fileRef = 4F29B8E6274A2B0300747DDD /* SettingTitleViewController.swift */; };
		4F29B8EA274A2B5200747DDD /* SettingManualViewController.swift in Sources */ = {isa = PBXBuildFile; fileRef = 4F29B8E9274A2B5200747DDD /* SettingManualViewController.swift */; };
		4F29B8EC274A692700747DDD /* UserIdInputViewController.swift in Sources */ = {isa = PBXBuildFile; fileRef = 4F29B8EB274A692700747DDD /* UserIdInputViewController.swift */; };
		4F29B8EE274A7C7A00747DDD /* RecordDetailView.swift in Sources */ = {isa = PBXBuildFile; fileRef = 4F29B8ED274A7C7A00747DDD /* RecordDetailView.swift */; };
		4F29B918274AC74D00747DDD /* Cardo-Italic.ttf in Resources */ = {isa = PBXBuildFile; fileRef = 4F29B915274AC74D00747DDD /* Cardo-Italic.ttf */; };
		4F29B919274AC74D00747DDD /* Cardo-Bold.ttf in Resources */ = {isa = PBXBuildFile; fileRef = 4F29B916274AC74D00747DDD /* Cardo-Bold.ttf */; };
		4F29B91A274AC74D00747DDD /* Cardo-Regular.ttf in Resources */ = {isa = PBXBuildFile; fileRef = 4F29B917274AC74D00747DDD /* Cardo-Regular.ttf */; };
		4F29B924274AC76200747DDD /* Pretendard-Black.otf in Resources */ = {isa = PBXBuildFile; fileRef = 4F29B91B274AC76100747DDD /* Pretendard-Black.otf */; };
		4F29B925274AC76200747DDD /* Pretendard-Medium.otf in Resources */ = {isa = PBXBuildFile; fileRef = 4F29B91C274AC76100747DDD /* Pretendard-Medium.otf */; };
		4F29B926274AC76200747DDD /* Pretendard-Thin.otf in Resources */ = {isa = PBXBuildFile; fileRef = 4F29B91D274AC76100747DDD /* Pretendard-Thin.otf */; };
		4F29B927274AC76200747DDD /* Pretendard-Light.otf in Resources */ = {isa = PBXBuildFile; fileRef = 4F29B91E274AC76100747DDD /* Pretendard-Light.otf */; };
		4F29B928274AC76200747DDD /* Pretendard-SemiBold.otf in Resources */ = {isa = PBXBuildFile; fileRef = 4F29B91F274AC76100747DDD /* Pretendard-SemiBold.otf */; };
		4F29B929274AC76200747DDD /* Pretendard-ExtraLight.otf in Resources */ = {isa = PBXBuildFile; fileRef = 4F29B920274AC76100747DDD /* Pretendard-ExtraLight.otf */; };
		4F29B92A274AC76200747DDD /* Pretendard-ExtraBold.otf in Resources */ = {isa = PBXBuildFile; fileRef = 4F29B921274AC76100747DDD /* Pretendard-ExtraBold.otf */; };
		4F29B92B274AC76200747DDD /* Pretendard-Regular.otf in Resources */ = {isa = PBXBuildFile; fileRef = 4F29B922274AC76200747DDD /* Pretendard-Regular.otf */; };
		4F29B92C274AC76200747DDD /* Pretendard-Bold.otf in Resources */ = {isa = PBXBuildFile; fileRef = 4F29B923274AC76200747DDD /* Pretendard-Bold.otf */; };
/* End PBXBuildFile section */

/* Begin PBXContainerItemProxy section */
		35CC3F372747CE4E0059707A /* PBXContainerItemProxy */ = {
			isa = PBXContainerItemProxy;
			containerPortal = 4F0A39C9273BC852009E3AAF /* Project object */;
			proxyType = 1;
			remoteGlobalIDString = 35CC3F2A2747CE4D0059707A;
			remoteInfo = CanvasWidgetExtension;
		};
/* End PBXContainerItemProxy section */

/* Begin PBXCopyFilesBuildPhase section */
		35CC3F3A2747CE4E0059707A /* Embed App Extensions */ = {
			isa = PBXCopyFilesBuildPhase;
			buildActionMask = 2147483647;
			dstPath = "";
			dstSubfolderSpec = 13;
			files = (
				35CC3F392747CE4E0059707A /* CanvasWidgetExtension.appex in Embed App Extensions */,
			);
			name = "Embed App Extensions";
			runOnlyForDeploymentPostprocessing = 0;
		};
/* End PBXCopyFilesBuildPhase section */

/* Begin PBXFileReference section */
		3549F2602740D53600C1589A /* WaveAnimationView.swift */ = {isa = PBXFileReference; lastKnownFileType = sourcecode.swift; path = WaveAnimationView.swift; sourceTree = "<group>"; };
		3549F2622740D6A800C1589A /* GaugeViewController.swift */ = {isa = PBXFileReference; lastKnownFileType = sourcecode.swift; path = GaugeViewController.swift; sourceTree = "<group>"; };
		3549F2662740EE7F00C1589A /* GaugeWaveAnimationView.swift */ = {isa = PBXFileReference; lastKnownFileType = sourcecode.swift; path = GaugeWaveAnimationView.swift; sourceTree = "<group>"; };
		355B49CA27462DA000A764B2 /* MainRecordsView.swift */ = {isa = PBXFileReference; lastKnownFileType = sourcecode.swift; path = MainRecordsView.swift; sourceTree = "<group>"; };
		358BD48A274194C100ACE0E7 /* Constants.swift */ = {isa = PBXFileReference; lastKnownFileType = sourcecode.swift; path = Constants.swift; sourceTree = "<group>"; };
		358CF23A2748E13600D7EEDD /* CoreDataStack.swift */ = {isa = PBXFileReference; lastKnownFileType = sourcecode.swift; path = CoreDataStack.swift; sourceTree = "<group>"; };
		35CC3F2B2747CE4D0059707A /* CanvasWidgetExtension.appex */ = {isa = PBXFileReference; explicitFileType = "wrapper.app-extension"; includeInIndex = 0; path = CanvasWidgetExtension.appex; sourceTree = BUILT_PRODUCTS_DIR; };
		35CC3F2D2747CE4D0059707A /* WidgetKit.framework */ = {isa = PBXFileReference; lastKnownFileType = wrapper.framework; name = WidgetKit.framework; path = System/Library/Frameworks/WidgetKit.framework; sourceTree = SDKROOT; };
		35CC3F2F2747CE4D0059707A /* SwiftUI.framework */ = {isa = PBXFileReference; lastKnownFileType = wrapper.framework; name = SwiftUI.framework; path = System/Library/Frameworks/SwiftUI.framework; sourceTree = SDKROOT; };
		35CC3F322747CE4D0059707A /* CanvasWidget.swift */ = {isa = PBXFileReference; lastKnownFileType = sourcecode.swift; path = CanvasWidget.swift; sourceTree = "<group>"; };
		35CC3F342747CE4E0059707A /* Assets.xcassets */ = {isa = PBXFileReference; lastKnownFileType = folder.assetcatalog; path = Assets.xcassets; sourceTree = "<group>"; };
		35CC3F362747CE4E0059707A /* Info.plist */ = {isa = PBXFileReference; lastKnownFileType = text.plist.xml; path = Info.plist; sourceTree = "<group>"; };
		35CC3F432748C64F0059707A /* Canvas.entitlements */ = {isa = PBXFileReference; lastKnownFileType = text.plist.entitlements; path = Canvas.entitlements; sourceTree = "<group>"; };
		35CC3F442748CB980059707A /* CanvasWidgetExtension.entitlements */ = {isa = PBXFileReference; lastKnownFileType = text.plist.entitlements; path = CanvasWidgetExtension.entitlements; sourceTree = "<group>"; };
		35EBD2B5274939CA00486453 /* DefaultRecord.swift */ = {isa = PBXFileReference; lastKnownFileType = sourcecode.swift; path = DefaultRecord.swift; sourceTree = "<group>"; };
		35FF8110274A189400AF43D4 /* Ratio.swift */ = {isa = PBXFileReference; lastKnownFileType = sourcecode.swift; path = Ratio.swift; sourceTree = "<group>"; };
		4F0590AD2745193000C4DF41 /* ListTableViewController.swift */ = {isa = PBXFileReference; lastKnownFileType = sourcecode.swift; path = ListTableViewController.swift; sourceTree = "<group>"; };
		4F0590B127461E7300C4DF41 /* ListTableViewCell.swift */ = {isa = PBXFileReference; lastKnownFileType = sourcecode.swift; path = ListTableViewCell.swift; sourceTree = "<group>"; };
		4F0590B327462FD800C4DF41 /* ListTableViewCell.xib */ = {isa = PBXFileReference; lastKnownFileType = file.xib; path = ListTableViewCell.xib; sourceTree = "<group>"; };
		4F0590B72747726F00C4DF41 /* CalendarCollectionViewCell.xib */ = {isa = PBXFileReference; lastKnownFileType = file.xib; path = CalendarCollectionViewCell.xib; sourceTree = "<group>"; };
		4F0590B9274772FF00C4DF41 /* CalendarCollectionViewCell.swift */ = {isa = PBXFileReference; lastKnownFileType = sourcecode.swift; path = CalendarCollectionViewCell.swift; sourceTree = "<group>"; };
		4F0A39D1273BC852009E3AAF /* Canvas.app */ = {isa = PBXFileReference; explicitFileType = wrapper.application; includeInIndex = 0; path = Canvas.app; sourceTree = BUILT_PRODUCTS_DIR; };
		4F0A39D4273BC852009E3AAF /* AppDelegate.swift */ = {isa = PBXFileReference; lastKnownFileType = sourcecode.swift; path = AppDelegate.swift; sourceTree = "<group>"; };
		4F0A39D6273BC852009E3AAF /* SceneDelegate.swift */ = {isa = PBXFileReference; lastKnownFileType = sourcecode.swift; path = SceneDelegate.swift; sourceTree = "<group>"; };
		4F0A39DB273BC852009E3AAF /* Base */ = {isa = PBXFileReference; lastKnownFileType = file.storyboard; name = Base; path = Base.lproj/Main.storyboard; sourceTree = "<group>"; };
		4F0A39DE273BC852009E3AAF /* Canvas.xcdatamodel */ = {isa = PBXFileReference; lastKnownFileType = wrapper.xcdatamodel; path = Canvas.xcdatamodel; sourceTree = "<group>"; };
		4F0A39E0273BC853009E3AAF /* Assets.xcassets */ = {isa = PBXFileReference; lastKnownFileType = folder.assetcatalog; path = Assets.xcassets; sourceTree = "<group>"; };
		4F0A39E3273BC853009E3AAF /* Base */ = {isa = PBXFileReference; lastKnownFileType = file.storyboard; name = Base; path = Base.lproj/LaunchScreen.storyboard; sourceTree = "<group>"; };
		4F0A39E5273BC853009E3AAF /* Info.plist */ = {isa = PBXFileReference; lastKnownFileType = text.plist.xml; path = Info.plist; sourceTree = "<group>"; };
		4F0A39F1273BCC9F009E3AAF /* Calandar.swift */ = {isa = PBXFileReference; lastKnownFileType = sourcecode.swift; path = Calandar.swift; sourceTree = "<group>"; };
		4F0A39F3273BCE52009E3AAF /* DateManager.swift */ = {isa = PBXFileReference; lastKnownFileType = sourcecode.swift; path = DateManager.swift; sourceTree = "<group>"; };
		4F0A39F5273BCFC5009E3AAF /* ThemeManager.swift */ = {isa = PBXFileReference; lastKnownFileType = sourcecode.swift; path = ThemeManager.swift; sourceTree = "<group>"; };
		4F0A39F9273C0660009E3AAF /* MainViewController.swift */ = {isa = PBXFileReference; lastKnownFileType = sourcecode.swift; path = MainViewController.swift; sourceTree = "<group>"; };
		4F0A39FB27424C74009E3AAF /* Color.swift */ = {isa = PBXFileReference; lastKnownFileType = sourcecode.swift; path = Color.swift; sourceTree = "<group>"; };
		4F0A39FD27425C39009E3AAF /* CreateRecordView.swift */ = {isa = PBXFileReference; lastKnownFileType = sourcecode.swift; path = CreateRecordView.swift; sourceTree = "<group>"; };
		4F0A39FF27425E90009E3AAF /* Extension.swift */ = {isa = PBXFileReference; lastKnownFileType = sourcecode.swift; path = Extension.swift; sourceTree = "<group>"; };
		4F29B8DE274960BD00747DDD /* MainInfoView.swift */ = {isa = PBXFileReference; lastKnownFileType = sourcecode.swift; path = MainInfoView.swift; sourceTree = "<group>"; };
		4F29B8E02749FC1C00747DDD /* SettingViewController.swift */ = {isa = PBXFileReference; lastKnownFileType = sourcecode.swift; path = SettingViewController.swift; sourceTree = "<group>"; };
		4F29B8E2274A106300747DDD /* SettingTableViewCell.swift */ = {isa = PBXFileReference; lastKnownFileType = sourcecode.swift; path = SettingTableViewCell.swift; sourceTree = "<group>"; };
		4F29B8E4274A2AF300747DDD /* SettingUserIDViewController.swift */ = {isa = PBXFileReference; lastKnownFileType = sourcecode.swift; path = SettingUserIDViewController.swift; sourceTree = "<group>"; };
		4F29B8E6274A2B0300747DDD /* SettingTitleViewController.swift */ = {isa = PBXFileReference; lastKnownFileType = sourcecode.swift; path = SettingTitleViewController.swift; sourceTree = "<group>"; };
		4F29B8E9274A2B5200747DDD /* SettingManualViewController.swift */ = {isa = PBXFileReference; lastKnownFileType = sourcecode.swift; path = SettingManualViewController.swift; sourceTree = "<group>"; };
		4F29B8EB274A692700747DDD /* UserIdInputViewController.swift */ = {isa = PBXFileReference; lastKnownFileType = sourcecode.swift; path = UserIdInputViewController.swift; sourceTree = "<group>"; };
		4F29B8ED274A7C7A00747DDD /* RecordDetailView.swift */ = {isa = PBXFileReference; lastKnownFileType = sourcecode.swift; path = RecordDetailView.swift; sourceTree = "<group>"; };
		4F29B915274AC74D00747DDD /* Cardo-Italic.ttf */ = {isa = PBXFileReference; lastKnownFileType = file; path = "Cardo-Italic.ttf"; sourceTree = "<group>"; };
		4F29B916274AC74D00747DDD /* Cardo-Bold.ttf */ = {isa = PBXFileReference; lastKnownFileType = file; path = "Cardo-Bold.ttf"; sourceTree = "<group>"; };
		4F29B917274AC74D00747DDD /* Cardo-Regular.ttf */ = {isa = PBXFileReference; lastKnownFileType = file; path = "Cardo-Regular.ttf"; sourceTree = "<group>"; };
		4F29B91B274AC76100747DDD /* Pretendard-Black.otf */ = {isa = PBXFileReference; lastKnownFileType = file; path = "Pretendard-Black.otf"; sourceTree = "<group>"; };
		4F29B91C274AC76100747DDD /* Pretendard-Medium.otf */ = {isa = PBXFileReference; lastKnownFileType = file; path = "Pretendard-Medium.otf"; sourceTree = "<group>"; };
		4F29B91D274AC76100747DDD /* Pretendard-Thin.otf */ = {isa = PBXFileReference; lastKnownFileType = file; path = "Pretendard-Thin.otf"; sourceTree = "<group>"; };
		4F29B91E274AC76100747DDD /* Pretendard-Light.otf */ = {isa = PBXFileReference; lastKnownFileType = file; path = "Pretendard-Light.otf"; sourceTree = "<group>"; };
		4F29B91F274AC76100747DDD /* Pretendard-SemiBold.otf */ = {isa = PBXFileReference; lastKnownFileType = file; path = "Pretendard-SemiBold.otf"; sourceTree = "<group>"; };
		4F29B920274AC76100747DDD /* Pretendard-ExtraLight.otf */ = {isa = PBXFileReference; lastKnownFileType = file; path = "Pretendard-ExtraLight.otf"; sourceTree = "<group>"; };
		4F29B921274AC76100747DDD /* Pretendard-ExtraBold.otf */ = {isa = PBXFileReference; lastKnownFileType = file; path = "Pretendard-ExtraBold.otf"; sourceTree = "<group>"; };
		4F29B922274AC76200747DDD /* Pretendard-Regular.otf */ = {isa = PBXFileReference; lastKnownFileType = file; path = "Pretendard-Regular.otf"; sourceTree = "<group>"; };
		4F29B923274AC76200747DDD /* Pretendard-Bold.otf */ = {isa = PBXFileReference; lastKnownFileType = file; path = "Pretendard-Bold.otf"; sourceTree = "<group>"; };
/* End PBXFileReference section */

/* Begin PBXFrameworksBuildPhase section */
		35CC3F282747CE4D0059707A /* Frameworks */ = {
			isa = PBXFrameworksBuildPhase;
			buildActionMask = 2147483647;
			files = (
				35CC3F302747CE4D0059707A /* SwiftUI.framework in Frameworks */,
				35CC3F2E2747CE4D0059707A /* WidgetKit.framework in Frameworks */,
			);
			runOnlyForDeploymentPostprocessing = 0;
		};
		4F0A39CE273BC852009E3AAF /* Frameworks */ = {
			isa = PBXFrameworksBuildPhase;
			buildActionMask = 2147483647;
			files = (
				3549F25F273E4E7500C1589A /* SnapKit in Frameworks */,
			);
			runOnlyForDeploymentPostprocessing = 0;
		};
/* End PBXFrameworksBuildPhase section */

/* Begin PBXGroup section */
		35CC3F2C2747CE4D0059707A /* Frameworks */ = {
			isa = PBXGroup;
			children = (
				35CC3F2D2747CE4D0059707A /* WidgetKit.framework */,
				35CC3F2F2747CE4D0059707A /* SwiftUI.framework */,
			);
			name = Frameworks;
			sourceTree = "<group>";
		};
		35CC3F312747CE4D0059707A /* CanvasWidget */ = {
			isa = PBXGroup;
			children = (
				35CC3F322747CE4D0059707A /* CanvasWidget.swift */,
				35CC3F342747CE4E0059707A /* Assets.xcassets */,
				35CC3F362747CE4E0059707A /* Info.plist */,
			);
			path = CanvasWidget;
			sourceTree = "<group>";
		};
		4F0A39C8273BC852009E3AAF = {
			isa = PBXGroup;
			children = (
				35CC3F442748CB980059707A /* CanvasWidgetExtension.entitlements */,
				4F0A39D3273BC852009E3AAF /* Canvas */,
				35CC3F312747CE4D0059707A /* CanvasWidget */,
				35CC3F2C2747CE4D0059707A /* Frameworks */,
				4F0A39D2273BC852009E3AAF /* Products */,
			);
			sourceTree = "<group>";
		};
		4F0A39D2273BC852009E3AAF /* Products */ = {
			isa = PBXGroup;
			children = (
				4F0A39D1273BC852009E3AAF /* Canvas.app */,
				35CC3F2B2747CE4D0059707A /* CanvasWidgetExtension.appex */,
			);
			name = Products;
			sourceTree = "<group>";
		};
		4F0A39D3273BC852009E3AAF /* Canvas */ = {
			isa = PBXGroup;
			children = (
				35CC3F432748C64F0059707A /* Canvas.entitlements */,
				4F0A39D6273BC852009E3AAF /* SceneDelegate.swift */,
				4F0A39D4273BC852009E3AAF /* AppDelegate.swift */,
				4F0A39EE273BCA31009E3AAF /* Utilites */,
				4F0A39EB273BC892009E3AAF /* Model */,
				4F0A39EC273BC89C009E3AAF /* Views */,
				4F0A39ED273BC8A8009E3AAF /* Controllers */,
				4F0A39E0273BC853009E3AAF /* Assets.xcassets */,
				4F0A39E2273BC853009E3AAF /* LaunchScreen.storyboard */,
				4F0A39E5273BC853009E3AAF /* Info.plist */,
			);
			path = Canvas;
			sourceTree = "<group>";
		};
		4F0A39EB273BC892009E3AAF /* Model */ = {
			isa = PBXGroup;
			children = (
				358CF23A2748E13600D7EEDD /* CoreDataStack.swift */,
				4F0A39DD273BC852009E3AAF /* Canvas.xcdatamodeld */,
				35EBD2B5274939CA00486453 /* DefaultRecord.swift */,
				35FF8110274A189400AF43D4 /* Ratio.swift */,
			);
			path = Model;
			sourceTree = "<group>";
		};
		4F0A39EC273BC89C009E3AAF /* Views */ = {
			isa = PBXGroup;
			children = (
				4F29B914274AC73B00747DDD /* Font */,
				4F0A39DA273BC852009E3AAF /* Main.storyboard */,
				3549F2662740EE7F00C1589A /* GaugeWaveAnimationView.swift */,
				4F0A39FD27425C39009E3AAF /* CreateRecordView.swift */,
				4F0590B127461E7300C4DF41 /* ListTableViewCell.swift */,
				4F0590B327462FD800C4DF41 /* ListTableViewCell.xib */,
				355B49CA27462DA000A764B2 /* MainRecordsView.swift */,
				4F0590B9274772FF00C4DF41 /* CalendarCollectionViewCell.swift */,
				4F0590B72747726F00C4DF41 /* CalendarCollectionViewCell.xib */,
				4F29B8DE274960BD00747DDD /* MainInfoView.swift */,
				4F29B8E2274A106300747DDD /* SettingTableViewCell.swift */,
				4F29B8ED274A7C7A00747DDD /* RecordDetailView.swift */,
			);
			path = Views;
			sourceTree = "<group>";
		};
		4F0A39ED273BC8A8009E3AAF /* Controllers */ = {
			isa = PBXGroup;
			children = (
				4F29B8EB274A692700747DDD /* UserIdInputViewController.swift */,
				4F0A39F9273C0660009E3AAF /* MainViewController.swift */,
				3549F2622740D6A800C1589A /* GaugeViewController.swift */,
				4F0590AD2745193000C4DF41 /* ListTableViewController.swift */,
				4F29B8E02749FC1C00747DDD /* SettingViewController.swift */,
				4F29B8E8274A2B0A00747DDD /* SettingGroup */,
			);
			path = Controllers;
			sourceTree = "<group>";
		};
		4F0A39EE273BCA31009E3AAF /* Utilites */ = {
			isa = PBXGroup;
			children = (
				4F0A39F3273BCE52009E3AAF /* DateManager.swift */,
				4F0A39F1273BCC9F009E3AAF /* Calandar.swift */,
				4F0A39F5273BCFC5009E3AAF /* ThemeManager.swift */,
				3549F2602740D53600C1589A /* WaveAnimationView.swift */,
				358BD48A274194C100ACE0E7 /* Constants.swift */,
				4F0A39FB27424C74009E3AAF /* Color.swift */,
				4F0A39FF27425E90009E3AAF /* Extension.swift */,
			);
			path = Utilites;
			sourceTree = "<group>";
		};
		4F29B8E8274A2B0A00747DDD /* SettingGroup */ = {
			isa = PBXGroup;
			children = (
				4F29B8E4274A2AF300747DDD /* SettingUserIDViewController.swift */,
				4F29B8E6274A2B0300747DDD /* SettingTitleViewController.swift */,
				4F29B8E9274A2B5200747DDD /* SettingManualViewController.swift */,
			);
			path = SettingGroup;
			sourceTree = "<group>";
		};
		4F29B914274AC73B00747DDD /* Font */ = {
			isa = PBXGroup;
			children = (
				4F29B916274AC74D00747DDD /* Cardo-Bold.ttf */,
				4F29B915274AC74D00747DDD /* Cardo-Italic.ttf */,
				4F29B917274AC74D00747DDD /* Cardo-Regular.ttf */,
				4F29B91B274AC76100747DDD /* Pretendard-Black.otf */,
				4F29B923274AC76200747DDD /* Pretendard-Bold.otf */,
				4F29B921274AC76100747DDD /* Pretendard-ExtraBold.otf */,
				4F29B920274AC76100747DDD /* Pretendard-ExtraLight.otf */,
				4F29B91E274AC76100747DDD /* Pretendard-Light.otf */,
				4F29B91C274AC76100747DDD /* Pretendard-Medium.otf */,
				4F29B922274AC76200747DDD /* Pretendard-Regular.otf */,
				4F29B91F274AC76100747DDD /* Pretendard-SemiBold.otf */,
				4F29B91D274AC76100747DDD /* Pretendard-Thin.otf */,
			);
			path = Font;
			sourceTree = "<group>";
		};
/* End PBXGroup section */

/* Begin PBXNativeTarget section */
		35CC3F2A2747CE4D0059707A /* CanvasWidgetExtension */ = {
			isa = PBXNativeTarget;
			buildConfigurationList = 35CC3F3D2747CE4E0059707A /* Build configuration list for PBXNativeTarget "CanvasWidgetExtension" */;
			buildPhases = (
				35CC3F272747CE4D0059707A /* Sources */,
				35CC3F282747CE4D0059707A /* Frameworks */,
				35CC3F292747CE4D0059707A /* Resources */,
			);
			buildRules = (
			);
			dependencies = (
			);
			name = CanvasWidgetExtension;
			productName = CanvasWidgetExtension;
			productReference = 35CC3F2B2747CE4D0059707A /* CanvasWidgetExtension.appex */;
			productType = "com.apple.product-type.app-extension";
		};
		4F0A39D0273BC852009E3AAF /* Canvas */ = {
			isa = PBXNativeTarget;
			buildConfigurationList = 4F0A39E8273BC853009E3AAF /* Build configuration list for PBXNativeTarget "Canvas" */;
			buildPhases = (
				4F0A39CD273BC852009E3AAF /* Sources */,
				4F0A39CE273BC852009E3AAF /* Frameworks */,
				4F0A39CF273BC852009E3AAF /* Resources */,
				35CC3F3A2747CE4E0059707A /* Embed App Extensions */,
			);
			buildRules = (
			);
			dependencies = (
				35CC3F382747CE4E0059707A /* PBXTargetDependency */,
			);
			name = Canvas;
			packageProductDependencies = (
				3549F25E273E4E7500C1589A /* SnapKit */,
			);
			productName = Canvas;
			productReference = 4F0A39D1273BC852009E3AAF /* Canvas.app */;
			productType = "com.apple.product-type.application";
		};
/* End PBXNativeTarget section */

/* Begin PBXProject section */
		4F0A39C9273BC852009E3AAF /* Project object */ = {
			isa = PBXProject;
			attributes = {
				BuildIndependentTargetsInParallel = 1;
				LastSwiftUpdateCheck = 1310;
				LastUpgradeCheck = 1310;
				TargetAttributes = {
					35CC3F2A2747CE4D0059707A = {
						CreatedOnToolsVersion = 13.1;
					};
					4F0A39D0273BC852009E3AAF = {
						CreatedOnToolsVersion = 13.1;
					};
				};
			};
			buildConfigurationList = 4F0A39CC273BC852009E3AAF /* Build configuration list for PBXProject "Canvas" */;
			compatibilityVersion = "Xcode 13.0";
			developmentRegion = en;
			hasScannedForEncodings = 0;
			knownRegions = (
				en,
				Base,
			);
			mainGroup = 4F0A39C8273BC852009E3AAF;
			packageReferences = (
				3549F25D273E4E7500C1589A /* XCRemoteSwiftPackageReference "SnapKit" */,
			);
			productRefGroup = 4F0A39D2273BC852009E3AAF /* Products */;
			projectDirPath = "";
			projectRoot = "";
			targets = (
				4F0A39D0273BC852009E3AAF /* Canvas */,
				35CC3F2A2747CE4D0059707A /* CanvasWidgetExtension */,
			);
		};
/* End PBXProject section */

/* Begin PBXResourcesBuildPhase section */
		35CC3F292747CE4D0059707A /* Resources */ = {
			isa = PBXResourcesBuildPhase;
			buildActionMask = 2147483647;
			files = (
				35CC3F3E2747CE740059707A /* Assets.xcassets in Resources */,
				35CC3F352747CE4E0059707A /* Assets.xcassets in Resources */,
			);
			runOnlyForDeploymentPostprocessing = 0;
		};
		4F0A39CF273BC852009E3AAF /* Resources */ = {
			isa = PBXResourcesBuildPhase;
			buildActionMask = 2147483647;
			files = (
				4F29B929274AC76200747DDD /* Pretendard-ExtraLight.otf in Resources */,
				4F0A39E4273BC853009E3AAF /* LaunchScreen.storyboard in Resources */,
				4F29B92A274AC76200747DDD /* Pretendard-ExtraBold.otf in Resources */,
				4F29B925274AC76200747DDD /* Pretendard-Medium.otf in Resources */,
				4F0590B427462FD800C4DF41 /* ListTableViewCell.xib in Resources */,
				4F29B92B274AC76200747DDD /* Pretendard-Regular.otf in Resources */,
				4F29B928274AC76200747DDD /* Pretendard-SemiBold.otf in Resources */,
				4F0A39E1273BC853009E3AAF /* Assets.xcassets in Resources */,
				4F29B92C274AC76200747DDD /* Pretendard-Bold.otf in Resources */,
				4F0590B82747726F00C4DF41 /* CalendarCollectionViewCell.xib in Resources */,
				4F29B927274AC76200747DDD /* Pretendard-Light.otf in Resources */,
				4F29B924274AC76200747DDD /* Pretendard-Black.otf in Resources */,
				4F29B918274AC74D00747DDD /* Cardo-Italic.ttf in Resources */,
				4F29B91A274AC74D00747DDD /* Cardo-Regular.ttf in Resources */,
				4F29B919274AC74D00747DDD /* Cardo-Bold.ttf in Resources */,
				4F29B926274AC76200747DDD /* Pretendard-Thin.otf in Resources */,
				4F0A39DC273BC852009E3AAF /* Main.storyboard in Resources */,
			);
			runOnlyForDeploymentPostprocessing = 0;
		};
/* End PBXResourcesBuildPhase section */

/* Begin PBXSourcesBuildPhase section */
		35CC3F272747CE4D0059707A /* Sources */ = {
			isa = PBXSourcesBuildPhase;
			buildActionMask = 2147483647;
			files = (
				35CC3F332747CE4D0059707A /* CanvasWidget.swift in Sources */,
				35E81B492748EEAB0025E506 /* Extension.swift in Sources */,
				35CC3F3F2747CE880059707A /* ThemeManager.swift in Sources */,
				35E81B4B2748F3B70025E506 /* CoreDataStack.swift in Sources */,
				35EBD2B42749260B00486453 /* Constants.swift in Sources */,
				35CC3F402747CE8B0059707A /* Color.swift in Sources */,
				35CC3F412747D2830059707A /* Canvas.xcdatamodeld in Sources */,
			);
			runOnlyForDeploymentPostprocessing = 0;
		};
		4F0A39CD273BC852009E3AAF /* Sources */ = {
			isa = PBXSourcesBuildPhase;
			buildActionMask = 2147483647;
			files = (
				4F29B8EA274A2B5200747DDD /* SettingManualViewController.swift in Sources */,
				4F29B8E3274A106300747DDD /* SettingTableViewCell.swift in Sources */,
				4F0A39F4273BCE52009E3AAF /* DateManager.swift in Sources */,
				4F0A39F2273BCC9F009E3AAF /* Calandar.swift in Sources */,
				4F0A39D5273BC852009E3AAF /* AppDelegate.swift in Sources */,
				4F0590AE2745193000C4DF41 /* ListTableViewController.swift in Sources */,
				4F0590B227461E7300C4DF41 /* ListTableViewCell.swift in Sources */,
				4F29B8E7274A2B0300747DDD /* SettingTitleViewController.swift in Sources */,
				4F29B8E5274A2AF300747DDD /* SettingUserIDViewController.swift in Sources */,
				35FF8111274A189400AF43D4 /* Ratio.swift in Sources */,
				4F0A39D7273BC852009E3AAF /* SceneDelegate.swift in Sources */,
				35EBD2B6274939CA00486453 /* DefaultRecord.swift in Sources */,
				3549F2612740D53600C1589A /* WaveAnimationView.swift in Sources */,
				4F29B8EE274A7C7A00747DDD /* RecordDetailView.swift in Sources */,
				4F0A3A0027425E90009E3AAF /* Extension.swift in Sources */,
				4F29B8E12749FC1C00747DDD /* SettingViewController.swift in Sources */,
				358BD48B274194C100ACE0E7 /* Constants.swift in Sources */,
				4F0A39FA273C0660009E3AAF /* MainViewController.swift in Sources */,
				355B49CB27462DA000A764B2 /* MainRecordsView.swift in Sources */,
				4F29B8EC274A692700747DDD /* UserIdInputViewController.swift in Sources */,
				4F0A39FE27425C39009E3AAF /* CreateRecordView.swift in Sources */,
				4F0590BA274772FF00C4DF41 /* CalendarCollectionViewCell.swift in Sources */,
				4F0A39FC27424C75009E3AAF /* Color.swift in Sources */,
				35E81B4A2748EEF70025E506 /* CoreDataStack.swift in Sources */,
				3549F2632740D6A800C1589A /* GaugeViewController.swift in Sources */,
				4F0A39DF273BC852009E3AAF /* Canvas.xcdatamodeld in Sources */,
				3549F2672740EE7F00C1589A /* GaugeWaveAnimationView.swift in Sources */,
				4F0A39F6273BCFC5009E3AAF /* ThemeManager.swift in Sources */,
				4F29B8DF274960BD00747DDD /* MainInfoView.swift in Sources */,
			);
			runOnlyForDeploymentPostprocessing = 0;
		};
/* End PBXSourcesBuildPhase section */

/* Begin PBXTargetDependency section */
		35CC3F382747CE4E0059707A /* PBXTargetDependency */ = {
			isa = PBXTargetDependency;
			target = 35CC3F2A2747CE4D0059707A /* CanvasWidgetExtension */;
			targetProxy = 35CC3F372747CE4E0059707A /* PBXContainerItemProxy */;
		};
/* End PBXTargetDependency section */

/* Begin PBXVariantGroup section */
		4F0A39DA273BC852009E3AAF /* Main.storyboard */ = {
			isa = PBXVariantGroup;
			children = (
				4F0A39DB273BC852009E3AAF /* Base */,
			);
			name = Main.storyboard;
			sourceTree = "<group>";
		};
		4F0A39E2273BC853009E3AAF /* LaunchScreen.storyboard */ = {
			isa = PBXVariantGroup;
			children = (
				4F0A39E3273BC853009E3AAF /* Base */,
			);
			name = LaunchScreen.storyboard;
			sourceTree = "<group>";
		};
/* End PBXVariantGroup section */

/* Begin XCBuildConfiguration section */
		35CC3F3B2747CE4E0059707A /* Debug */ = {
			isa = XCBuildConfiguration;
			buildSettings = {
				ASSETCATALOG_COMPILER_GLOBAL_ACCENT_COLOR_NAME = AccentColor;
				ASSETCATALOG_COMPILER_WIDGET_BACKGROUND_COLOR_NAME = WidgetBackground;
				CODE_SIGN_ENTITLEMENTS = CanvasWidgetExtension.entitlements;
				CODE_SIGN_STYLE = Automatic;
				CURRENT_PROJECT_VERSION = 1;
				DEVELOPMENT_TEAM = 8QSTXVD8H9;
				GENERATE_INFOPLIST_FILE = YES;
				INFOPLIST_FILE = CanvasWidget/Info.plist;
				INFOPLIST_KEY_CFBundleDisplayName = CanvasWidget;
				INFOPLIST_KEY_NSHumanReadableCopyright = "";
				LD_RUNPATH_SEARCH_PATHS = (
					"$(inherited)",
					"@executable_path/Frameworks",
					"@executable_path/../../Frameworks",
				);
				MARKETING_VERSION = 1.0;
				PRODUCT_BUNDLE_IDENTIFIER = com.hasensprung.Canvas.CanvasWidget;
				PRODUCT_NAME = "$(TARGET_NAME)";
				SKIP_INSTALL = YES;
				SWIFT_EMIT_LOC_STRINGS = YES;
				SWIFT_VERSION = 5.0;
				TARGETED_DEVICE_FAMILY = "1,2";
			};
			name = Debug;
		};
		35CC3F3C2747CE4E0059707A /* Release */ = {
			isa = XCBuildConfiguration;
			buildSettings = {
				ASSETCATALOG_COMPILER_GLOBAL_ACCENT_COLOR_NAME = AccentColor;
				ASSETCATALOG_COMPILER_WIDGET_BACKGROUND_COLOR_NAME = WidgetBackground;
				CODE_SIGN_ENTITLEMENTS = CanvasWidgetExtension.entitlements;
				CODE_SIGN_STYLE = Automatic;
				CURRENT_PROJECT_VERSION = 1;
				DEVELOPMENT_TEAM = 8QSTXVD8H9;
				GENERATE_INFOPLIST_FILE = YES;
				INFOPLIST_FILE = CanvasWidget/Info.plist;
				INFOPLIST_KEY_CFBundleDisplayName = CanvasWidget;
				INFOPLIST_KEY_NSHumanReadableCopyright = "";
				LD_RUNPATH_SEARCH_PATHS = (
					"$(inherited)",
					"@executable_path/Frameworks",
					"@executable_path/../../Frameworks",
				);
				MARKETING_VERSION = 1.0;
				PRODUCT_BUNDLE_IDENTIFIER = com.hasensprung.Canvas.CanvasWidget;
				PRODUCT_NAME = "$(TARGET_NAME)";
				SKIP_INSTALL = YES;
				SWIFT_EMIT_LOC_STRINGS = YES;
				SWIFT_VERSION = 5.0;
				TARGETED_DEVICE_FAMILY = "1,2";
			};
			name = Release;
		};
		4F0A39E6273BC853009E3AAF /* Debug */ = {
			isa = XCBuildConfiguration;
			buildSettings = {
				ALWAYS_SEARCH_USER_PATHS = NO;
				CLANG_ANALYZER_NONNULL = YES;
				CLANG_ANALYZER_NUMBER_OBJECT_CONVERSION = YES_AGGRESSIVE;
				CLANG_CXX_LANGUAGE_STANDARD = "gnu++17";
				CLANG_CXX_LIBRARY = "libc++";
				CLANG_ENABLE_MODULES = YES;
				CLANG_ENABLE_OBJC_ARC = YES;
				CLANG_ENABLE_OBJC_WEAK = YES;
				CLANG_WARN_BLOCK_CAPTURE_AUTORELEASING = YES;
				CLANG_WARN_BOOL_CONVERSION = YES;
				CLANG_WARN_COMMA = YES;
				CLANG_WARN_CONSTANT_CONVERSION = YES;
				CLANG_WARN_DEPRECATED_OBJC_IMPLEMENTATIONS = YES;
				CLANG_WARN_DIRECT_OBJC_ISA_USAGE = YES_ERROR;
				CLANG_WARN_DOCUMENTATION_COMMENTS = YES;
				CLANG_WARN_EMPTY_BODY = YES;
				CLANG_WARN_ENUM_CONVERSION = YES;
				CLANG_WARN_INFINITE_RECURSION = YES;
				CLANG_WARN_INT_CONVERSION = YES;
				CLANG_WARN_NON_LITERAL_NULL_CONVERSION = YES;
				CLANG_WARN_OBJC_IMPLICIT_RETAIN_SELF = YES;
				CLANG_WARN_OBJC_LITERAL_CONVERSION = YES;
				CLANG_WARN_OBJC_ROOT_CLASS = YES_ERROR;
				CLANG_WARN_QUOTED_INCLUDE_IN_FRAMEWORK_HEADER = YES;
				CLANG_WARN_RANGE_LOOP_ANALYSIS = YES;
				CLANG_WARN_STRICT_PROTOTYPES = YES;
				CLANG_WARN_SUSPICIOUS_MOVE = YES;
				CLANG_WARN_UNGUARDED_AVAILABILITY = YES_AGGRESSIVE;
				CLANG_WARN_UNREACHABLE_CODE = YES;
				CLANG_WARN__DUPLICATE_METHOD_MATCH = YES;
				COPY_PHASE_STRIP = NO;
				DEBUG_INFORMATION_FORMAT = dwarf;
				ENABLE_STRICT_OBJC_MSGSEND = YES;
				ENABLE_TESTABILITY = YES;
				GCC_C_LANGUAGE_STANDARD = gnu11;
				GCC_DYNAMIC_NO_PIC = NO;
				GCC_NO_COMMON_BLOCKS = YES;
				GCC_OPTIMIZATION_LEVEL = 0;
				GCC_PREPROCESSOR_DEFINITIONS = (
					"DEBUG=1",
					"$(inherited)",
				);
				GCC_WARN_64_TO_32_BIT_CONVERSION = YES;
				GCC_WARN_ABOUT_RETURN_TYPE = YES_ERROR;
				GCC_WARN_UNDECLARED_SELECTOR = YES;
				GCC_WARN_UNINITIALIZED_AUTOS = YES_AGGRESSIVE;
				GCC_WARN_UNUSED_FUNCTION = YES;
				GCC_WARN_UNUSED_VARIABLE = YES;
				IPHONEOS_DEPLOYMENT_TARGET = 15.0;
				MTL_ENABLE_DEBUG_INFO = INCLUDE_SOURCE;
				MTL_FAST_MATH = YES;
				ONLY_ACTIVE_ARCH = YES;
				SDKROOT = iphoneos;
				SWIFT_ACTIVE_COMPILATION_CONDITIONS = DEBUG;
				SWIFT_OPTIMIZATION_LEVEL = "-Onone";
			};
			name = Debug;
		};
		4F0A39E7273BC853009E3AAF /* Release */ = {
			isa = XCBuildConfiguration;
			buildSettings = {
				ALWAYS_SEARCH_USER_PATHS = NO;
				CLANG_ANALYZER_NONNULL = YES;
				CLANG_ANALYZER_NUMBER_OBJECT_CONVERSION = YES_AGGRESSIVE;
				CLANG_CXX_LANGUAGE_STANDARD = "gnu++17";
				CLANG_CXX_LIBRARY = "libc++";
				CLANG_ENABLE_MODULES = YES;
				CLANG_ENABLE_OBJC_ARC = YES;
				CLANG_ENABLE_OBJC_WEAK = YES;
				CLANG_WARN_BLOCK_CAPTURE_AUTORELEASING = YES;
				CLANG_WARN_BOOL_CONVERSION = YES;
				CLANG_WARN_COMMA = YES;
				CLANG_WARN_CONSTANT_CONVERSION = YES;
				CLANG_WARN_DEPRECATED_OBJC_IMPLEMENTATIONS = YES;
				CLANG_WARN_DIRECT_OBJC_ISA_USAGE = YES_ERROR;
				CLANG_WARN_DOCUMENTATION_COMMENTS = YES;
				CLANG_WARN_EMPTY_BODY = YES;
				CLANG_WARN_ENUM_CONVERSION = YES;
				CLANG_WARN_INFINITE_RECURSION = YES;
				CLANG_WARN_INT_CONVERSION = YES;
				CLANG_WARN_NON_LITERAL_NULL_CONVERSION = YES;
				CLANG_WARN_OBJC_IMPLICIT_RETAIN_SELF = YES;
				CLANG_WARN_OBJC_LITERAL_CONVERSION = YES;
				CLANG_WARN_OBJC_ROOT_CLASS = YES_ERROR;
				CLANG_WARN_QUOTED_INCLUDE_IN_FRAMEWORK_HEADER = YES;
				CLANG_WARN_RANGE_LOOP_ANALYSIS = YES;
				CLANG_WARN_STRICT_PROTOTYPES = YES;
				CLANG_WARN_SUSPICIOUS_MOVE = YES;
				CLANG_WARN_UNGUARDED_AVAILABILITY = YES_AGGRESSIVE;
				CLANG_WARN_UNREACHABLE_CODE = YES;
				CLANG_WARN__DUPLICATE_METHOD_MATCH = YES;
				COPY_PHASE_STRIP = NO;
				DEBUG_INFORMATION_FORMAT = "dwarf-with-dsym";
				ENABLE_NS_ASSERTIONS = NO;
				ENABLE_STRICT_OBJC_MSGSEND = YES;
				GCC_C_LANGUAGE_STANDARD = gnu11;
				GCC_NO_COMMON_BLOCKS = YES;
				GCC_WARN_64_TO_32_BIT_CONVERSION = YES;
				GCC_WARN_ABOUT_RETURN_TYPE = YES_ERROR;
				GCC_WARN_UNDECLARED_SELECTOR = YES;
				GCC_WARN_UNINITIALIZED_AUTOS = YES_AGGRESSIVE;
				GCC_WARN_UNUSED_FUNCTION = YES;
				GCC_WARN_UNUSED_VARIABLE = YES;
				IPHONEOS_DEPLOYMENT_TARGET = 15.0;
				MTL_ENABLE_DEBUG_INFO = NO;
				MTL_FAST_MATH = YES;
				SDKROOT = iphoneos;
				SWIFT_COMPILATION_MODE = wholemodule;
				SWIFT_OPTIMIZATION_LEVEL = "-O";
				VALIDATE_PRODUCT = YES;
			};
			name = Release;
		};
		4F0A39E9273BC853009E3AAF /* Debug */ = {
			isa = XCBuildConfiguration;
			buildSettings = {
				ALWAYS_EMBED_SWIFT_STANDARD_LIBRARIES = YES;
				ASSETCATALOG_COMPILER_APPICON_NAME = AppIcon;
				ASSETCATALOG_COMPILER_GLOBAL_ACCENT_COLOR_NAME = AccentColor;
				CODE_SIGN_ENTITLEMENTS = Canvas/Canvas.entitlements;
				CODE_SIGN_STYLE = Automatic;
				CURRENT_PROJECT_VERSION = 1;
				DEVELOPMENT_TEAM = 8QSTXVD8H9;
				GENERATE_INFOPLIST_FILE = YES;
				INFOPLIST_FILE = Canvas/Info.plist;
				INFOPLIST_KEY_UIApplicationSupportsIndirectInputEvents = YES;
				INFOPLIST_KEY_UILaunchStoryboardName = LaunchScreen;
				INFOPLIST_KEY_UIMainStoryboardFile = Main;
				INFOPLIST_KEY_UISupportedInterfaceOrientations = UIInterfaceOrientationPortrait;
				INFOPLIST_KEY_UISupportedInterfaceOrientations_iPad = "UIInterfaceOrientationPortrait UIInterfaceOrientationPortraitUpsideDown UIInterfaceOrientationLandscapeLeft UIInterfaceOrientationLandscapeRight";
				INFOPLIST_KEY_UISupportedInterfaceOrientations_iPhone = UIInterfaceOrientationPortrait;
				LD_RUNPATH_SEARCH_PATHS = (
					"$(inherited)",
					"@executable_path/Frameworks",
				);
				MARKETING_VERSION = 1.0;
				PRODUCT_BUNDLE_IDENTIFIER = com.hasensprung.Canvas;
				PRODUCT_NAME = "$(TARGET_NAME)";
				SWIFT_EMIT_LOC_STRINGS = YES;
				SWIFT_VERSION = 5.0;
				TARGETED_DEVICE_FAMILY = 1;
			};
			name = Debug;
		};
		4F0A39EA273BC853009E3AAF /* Release */ = {
			isa = XCBuildConfiguration;
			buildSettings = {
				ALWAYS_EMBED_SWIFT_STANDARD_LIBRARIES = YES;
				ASSETCATALOG_COMPILER_APPICON_NAME = AppIcon;
				ASSETCATALOG_COMPILER_GLOBAL_ACCENT_COLOR_NAME = AccentColor;
				CODE_SIGN_ENTITLEMENTS = Canvas/Canvas.entitlements;
				CODE_SIGN_STYLE = Automatic;
				CURRENT_PROJECT_VERSION = 1;
				DEVELOPMENT_TEAM = 8QSTXVD8H9;
				GENERATE_INFOPLIST_FILE = YES;
				INFOPLIST_FILE = Canvas/Info.plist;
				INFOPLIST_KEY_UIApplicationSupportsIndirectInputEvents = YES;
				INFOPLIST_KEY_UILaunchStoryboardName = LaunchScreen;
				INFOPLIST_KEY_UIMainStoryboardFile = Main;
				INFOPLIST_KEY_UISupportedInterfaceOrientations = UIInterfaceOrientationPortrait;
				INFOPLIST_KEY_UISupportedInterfaceOrientations_iPad = "UIInterfaceOrientationPortrait UIInterfaceOrientationPortraitUpsideDown UIInterfaceOrientationLandscapeLeft UIInterfaceOrientationLandscapeRight";
				INFOPLIST_KEY_UISupportedInterfaceOrientations_iPhone = UIInterfaceOrientationPortrait;
				LD_RUNPATH_SEARCH_PATHS = (
					"$(inherited)",
					"@executable_path/Frameworks",
				);
				MARKETING_VERSION = 1.0;
				PRODUCT_BUNDLE_IDENTIFIER = com.hasensprung.Canvas;
				PRODUCT_NAME = "$(TARGET_NAME)";
				SWIFT_EMIT_LOC_STRINGS = YES;
				SWIFT_VERSION = 5.0;
				TARGETED_DEVICE_FAMILY = 1;
			};
			name = Release;
		};
/* End XCBuildConfiguration section */

/* Begin XCConfigurationList section */
		35CC3F3D2747CE4E0059707A /* Build configuration list for PBXNativeTarget "CanvasWidgetExtension" */ = {
			isa = XCConfigurationList;
			buildConfigurations = (
				35CC3F3B2747CE4E0059707A /* Debug */,
				35CC3F3C2747CE4E0059707A /* Release */,
			);
			defaultConfigurationIsVisible = 0;
			defaultConfigurationName = Debug;
		};
		4F0A39CC273BC852009E3AAF /* Build configuration list for PBXProject "Canvas" */ = {
			isa = XCConfigurationList;
			buildConfigurations = (
				4F0A39E6273BC853009E3AAF /* Debug */,
				4F0A39E7273BC853009E3AAF /* Release */,
			);
			defaultConfigurationIsVisible = 0;
			defaultConfigurationName = Debug;
		};
		4F0A39E8273BC853009E3AAF /* Build configuration list for PBXNativeTarget "Canvas" */ = {
			isa = XCConfigurationList;
			buildConfigurations = (
				4F0A39E9273BC853009E3AAF /* Debug */,
				4F0A39EA273BC853009E3AAF /* Release */,
			);
			defaultConfigurationIsVisible = 0;
			defaultConfigurationName = Debug;
		};
/* End XCConfigurationList section */

/* Begin XCRemoteSwiftPackageReference section */
		3549F25D273E4E7500C1589A /* XCRemoteSwiftPackageReference "SnapKit" */ = {
			isa = XCRemoteSwiftPackageReference;
			repositoryURL = "https://github.com/SnapKit/SnapKit";
			requirement = {
				kind = upToNextMajorVersion;
				minimumVersion = 5.0.0;
			};
		};
/* End XCRemoteSwiftPackageReference section */

/* Begin XCSwiftPackageProductDependency section */
		3549F25E273E4E7500C1589A /* SnapKit */ = {
			isa = XCSwiftPackageProductDependency;
			package = 3549F25D273E4E7500C1589A /* XCRemoteSwiftPackageReference "SnapKit" */;
			productName = SnapKit;
		};
/* End XCSwiftPackageProductDependency section */

/* Begin XCVersionGroup section */
		4F0A39DD273BC852009E3AAF /* Canvas.xcdatamodeld */ = {
			isa = XCVersionGroup;
			children = (
				4F0A39DE273BC852009E3AAF /* Canvas.xcdatamodel */,
			);
			currentVersion = 4F0A39DE273BC852009E3AAF /* Canvas.xcdatamodel */;
			path = Canvas.xcdatamodeld;
			sourceTree = "<group>";
			versionGroupType = wrapper.xcdatamodel;
		};
/* End XCVersionGroup section */
	};
	rootObject = 4F0A39C9273BC852009E3AAF /* Project object */;
}
